
Microsoft Visual Studio Solution File, Format Version 12.00
# Visual Studio Version 16
VisualStudioVersion = 16.0.31624.102
MinimumVisualStudioVersion = 10.0.40219.1
Project("{9A19103F-16F7-4668-BE54-9A1E7A4F7556}") = "VR-Project", "VR-Project\VR-Project.csproj", "{8EF3F2B6-F14D-42F2-AC72-79CFED410C9F}"
EndProject
Project("{9A19103F-16F7-4668-BE54-9A1E7A4F7556}") = "Server", "Server\Server.csproj", "{7745AF08-F623-47D7-9FAD-99DA95D59C84}"
EndProject
Project("{D954291E-2A0B-460D-934E-DC6B0785DB48}") = "CommunicationObjects", "CommunicationObjects\CommunicationObjects.shproj", "{8F1B13F2-FB29-4486-BAA9-8E1EA1636D6A}"
EndProject
Project("{9A19103F-16F7-4668-BE54-9A1E7A4F7556}") = "Test", "Test\Test.csproj", "{3364B525-B0D6-43EB-85FE-4299C663CF4B}"
EndProject
Global
	GlobalSection(SharedMSBuildProjectFiles) = preSolution
		CommunicationObjects\CommunicationObjects.projitems*{7745af08-f623-47d7-9fad-99da95d59c84}*SharedItemsImports = 5
		CommunicationObjects\CommunicationObjects.projitems*{8ef3f2b6-f14d-42f2-ac72-79cfed410c9f}*SharedItemsImports = 5
		CommunicationObjects\CommunicationObjects.projitems*{8f1b13f2-fb29-4486-baa9-8e1ea1636d6a}*SharedItemsImports = 13
	EndGlobalSection
	GlobalSection(SolutionConfigurationPlatforms) = preSolution
		Debug|Any CPU = Debug|Any CPU
		Release|Any CPU = Release|Any CPU
	EndGlobalSection
	GlobalSection(ProjectConfigurationPlatforms) = postSolution
		{8EF3F2B6-F14D-42F2-AC72-79CFED410C9F}.Debug|Any CPU.ActiveCfg = Debug|Any CPU
		{8EF3F2B6-F14D-42F2-AC72-79CFED410C9F}.Debug|Any CPU.Build.0 = Debug|Any CPU
		{8EF3F2B6-F14D-42F2-AC72-79CFED410C9F}.Release|Any CPU.ActiveCfg = Release|Any CPU
		{8EF3F2B6-F14D-42F2-AC72-79CFED410C9F}.Release|Any CPU.Build.0 = Release|Any CPU
		{7745AF08-F623-47D7-9FAD-99DA95D59C84}.Debug|Any CPU.ActiveCfg = Debug|Any CPU
		{7745AF08-F623-47D7-9FAD-99DA95D59C84}.Debug|Any CPU.Build.0 = Debug|Any CPU
		{7745AF08-F623-47D7-9FAD-99DA95D59C84}.Release|Any CPU.ActiveCfg = Release|Any CPU
		{7745AF08-F623-47D7-9FAD-99DA95D59C84}.Release|Any CPU.Build.0 = Release|Any CPU
		{3364B525-B0D6-43EB-85FE-4299C663CF4B}.Debug|Any CPU.ActiveCfg = Debug|Any CPU
		{3364B525-B0D6-43EB-85FE-4299C663CF4B}.Debug|Any CPU.Build.0 = Debug|Any CPU
		{3364B525-B0D6-43EB-85FE-4299C663CF4B}.Release|Any CPU.ActiveCfg = Release|Any CPU
		{3364B525-B0D6-43EB-85FE-4299C663CF4B}.Release|Any CPU.Build.0 = Release|Any CPU
	EndGlobalSection
	GlobalSection(SolutionProperties) = preSolution
		HideSolutionNode = FALSE
	EndGlobalSection
	GlobalSection(ExtensibilityGlobals) = postSolution
		SolutionGuid = {0833263C-6860-4F7B-A6D1-EAC3DF009649}
	EndGlobalSection
EndGlobal
