
Microsoft Visual Studio Solution File, Format Version 12.00
# Visual Studio Version 16
VisualStudioVersion = 16.0.810.9
MinimumVisualStudioVersion = 10.0.40219.1
Project("{9A19103F-16F7-4668-BE54-9A1E7A4F7556}") = "VR-Project", "VR-Project.csproj", "{CADB1D0E-F7F7-431A-8C6F-93E35B4A785D}"
EndProject
Global
	GlobalSection(SharedMSBuildProjectFiles) = preSolution
		..\CommunicationObjects\CommunicationObjects.projitems*{cadb1d0e-f7f7-431a-8c6f-93e35b4a785d}*SharedItemsImports = 5
	EndGlobalSection
	GlobalSection(SolutionConfigurationPlatforms) = preSolution
		Debug|Any CPU = Debug|Any CPU
		Release|Any CPU = Release|Any CPU
	EndGlobalSection
	GlobalSection(ProjectConfigurationPlatforms) = postSolution
		{CADB1D0E-F7F7-431A-8C6F-93E35B4A785D}.Debug|Any CPU.ActiveCfg = Debug|Any CPU
		{CADB1D0E-F7F7-431A-8C6F-93E35B4A785D}.Debug|Any CPU.Build.0 = Debug|Any CPU
		{CADB1D0E-F7F7-431A-8C6F-93E35B4A785D}.Release|Any CPU.ActiveCfg = Release|Any CPU
		{CADB1D0E-F7F7-431A-8C6F-93E35B4A785D}.Release|Any CPU.Build.0 = Release|Any CPU
	EndGlobalSection
	GlobalSection(SolutionProperties) = preSolution
		HideSolutionNode = FALSE
	EndGlobalSection
	GlobalSection(ExtensibilityGlobals) = postSolution
		SolutionGuid = {E4717FC8-488F-4F78-B31B-F0A478ABB7E2}
	EndGlobalSection
EndGlobal
